
Microsoft Visual Studio Solution File, Format Version 12.00
# Visual Studio Version 16
VisualStudioVersion = 16.0.31313.79
MinimumVisualStudioVersion = 10.0.40219.1
Project("{9A19103F-16F7-4668-BE54-9A1E7A4F7556}") = "ENSEKWebApp", "ENSEKWebApp.csproj", "{F5E4DB2A-6A17-495B-A883-6C058A003CB8}"
EndProject
Project("{FAE04EC0-301F-11D3-BF4B-00C04F79EFBC}") = "ENSEKWebApp-tests", "..\ENSEKWebApp-tests\ENSEKWebApp-tests.csproj", "{4AA7D932-9F58-49D9-93C7-D0030C3E71FC}"
EndProject
Global
	GlobalSection(SolutionConfigurationPlatforms) = preSolution
		Debug|Any CPU = Debug|Any CPU
		Release|Any CPU = Release|Any CPU
	EndGlobalSection
	GlobalSection(ProjectConfigurationPlatforms) = postSolution
		{F5E4DB2A-6A17-495B-A883-6C058A003CB8}.Debug|Any CPU.ActiveCfg = Debug|Any CPU
		{F5E4DB2A-6A17-495B-A883-6C058A003CB8}.Debug|Any CPU.Build.0 = Debug|Any CPU
		{F5E4DB2A-6A17-495B-A883-6C058A003CB8}.Release|Any CPU.ActiveCfg = Release|Any CPU
		{F5E4DB2A-6A17-495B-A883-6C058A003CB8}.Release|Any CPU.Build.0 = Release|Any CPU
		{4AA7D932-9F58-49D9-93C7-D0030C3E71FC}.Debug|Any CPU.ActiveCfg = Debug|Any CPU
		{4AA7D932-9F58-49D9-93C7-D0030C3E71FC}.Debug|Any CPU.Build.0 = Debug|Any CPU
		{4AA7D932-9F58-49D9-93C7-D0030C3E71FC}.Release|Any CPU.ActiveCfg = Release|Any CPU
		{4AA7D932-9F58-49D9-93C7-D0030C3E71FC}.Release|Any CPU.Build.0 = Release|Any CPU
	EndGlobalSection
	GlobalSection(SolutionProperties) = preSolution
		HideSolutionNode = FALSE
	EndGlobalSection
	GlobalSection(ExtensibilityGlobals) = postSolution
		SolutionGuid = {8D58DA8C-557B-4A31-82C1-42B12AB3FC2B}
	EndGlobalSection
EndGlobal
